{
  "name": "licofi-benchmarks",
  "requires": true,
  "lockfileVersion": 1,
  "dependencies": {
    "@types/color-name": {
      "version": "1.1.1",
      "resolved": "https://registry.npmjs.org/@types/color-name/-/color-name-1.1.1.tgz",
      "integrity": "sha512-rr+OQyAjxze7GgWrSaJwydHStIhHq2lvY3BOC2Mj7KnzI7XK0Uw1TOOdI9lDoajEbSWLiYgoo4f1R51erQfhPQ==",
      "dev": true
    },
    "@types/node": {
      "version": "13.13.4",
      "resolved": "https://registry.npmjs.org/@types/node/-/node-13.13.4.tgz",
      "integrity": "sha512-x26ur3dSXgv5AwKS0lNfbjpCakGIduWU1DU91Zz58ONRWrIKGunmZBNv4P7N+e27sJkiGDsw/3fT4AtsqQBrBA==",
      "dev": true
    },
    "@types/unist": {
      "version": "2.0.3",
      "resolved": "https://registry.npmjs.org/@types/unist/-/unist-2.0.3.tgz",
      "integrity": "sha512-FvUupuM3rlRsRtCN+fDudtmytGO6iHJuuRKS1Ss0pG5z8oX0diNEw94UEL7hgDbpN94rgaK5R7sWm6RrSkZuAQ==",
      "dev": true
    },
    "ansi-styles": {
      "version": "4.2.1",
      "resolved": "https://registry.npmjs.org/ansi-styles/-/ansi-styles-4.2.1.tgz",
      "integrity": "sha512-9VGjrMsG1vePxcSweQsN20KY/c4zN0h9fLjqAbwbPfahM3t+NL+M9HC8xeXG2I8pX5NoamTGNuomEUFI7fcUjA==",
      "dev": true,
      "requires": {
        "@types/color-name": "^1.1.1",
        "color-convert": "^2.0.1"
      }
    },
    "array-shuffle": {
      "version": "1.0.1",
      "resolved": "https://registry.npmjs.org/array-shuffle/-/array-shuffle-1.0.1.tgz",
      "integrity": "sha1-fqSIKjVrS8pfVF4LblLq9tlxVXo=",
      "dev": true
    },
    "atom-patch": {
      "version": "0.3.0",
      "resolved": "https://registry.npmjs.org/atom-patch/-/atom-patch-0.3.0.tgz",
      "integrity": "sha1-4AesVctQCopmwtju96Q3XTFCj1Q=",
      "dev": true,
      "requires": {
        "random-seed": "^0.2.0"
      }
    },
    "beautify-benchmark": {
      "version": "0.2.4",
      "resolved": "https://registry.npmjs.org/beautify-benchmark/-/beautify-benchmark-0.2.4.tgz",
      "integrity": "sha1-MVHe8UwaLg0H/y5HaGHH7Q4a45s=",
      "dev": true
    },
    "benchmark": {
      "version": "2.1.4",
      "resolved": "https://registry.npmjs.org/benchmark/-/benchmark-2.1.4.tgz",
      "integrity": "sha1-CfPeMckWQl1JjMLuVloOvzwqVik=",
      "dev": true,
      "requires": {
        "lodash": "^4.17.4",
        "platform": "^1.3.3"
      }
    },
    "chalk": {
      "version": "4.0.0",
      "resolved": "https://registry.npmjs.org/chalk/-/chalk-4.0.0.tgz",
      "integrity": "sha512-N9oWFcegS0sFr9oh1oz2d7Npos6vNoWW9HvtCg5N1KRFpUhaAhvTv5Y58g880fZaEYSNm3qDz8SU1UrGvp+n7A==",
      "dev": true,
      "requires": {
        "ansi-styles": "^4.1.0",
        "supports-color": "^7.1.0"
      }
    },
    "char-props": {
      "version": "0.1.5",
      "resolved": "https://registry.npmjs.org/char-props/-/char-props-0.1.5.tgz",
      "integrity": "sha1-W5UvniDqIc0Iyn/hNaEPb+kcEJ4=",
      "dev": true
    },
    "color-convert": {
      "version": "2.0.1",
      "resolved": "https://registry.npmjs.org/color-convert/-/color-convert-2.0.1.tgz",
      "integrity": "sha512-RRECPsj7iu/xb5oKYcsFHSppFNnsj/52OVTRKb4zP5onXwVF3zVmmToNcOfGC+CRDpfK/U584fMg38ZHCaElKQ==",
      "dev": true,
      "requires": {
        "color-name": "~1.1.4"
      }
    },
    "color-name": {
      "version": "1.1.4",
      "resolved": "https://registry.npmjs.org/color-name/-/color-name-1.1.4.tgz",
      "integrity": "sha512-dOy+3AuW3a2wNbZHIuMZpTcgjGuLU/uBL/ubcZF9OXbDo8ff4O8yVp5Bf0efS8uEoYo5q4Fx7dY9OgQGXgAsQA==",
      "dev": true
    },
    "diff": {
      "version": "3.0.1",
      "resolved": "https://registry.npmjs.org/diff/-/diff-3.0.1.tgz",
      "integrity": "sha1-pS2QzAiVaZS+AId7/5cRAGJYLDU=",
      "dev": true
    },
    "event-kit": {
      "version": "2.2.0",
      "resolved": "https://registry.npmjs.org/event-kit/-/event-kit-2.2.0.tgz",
      "integrity": "sha1-Kd9Q3q49bUwcYkUbEJJfKGQekos=",
      "dev": true
    },
    "find-line-column": {
      "version": "0.5.2",
      "resolved": "https://registry.npmjs.org/find-line-column/-/find-line-column-0.5.2.tgz",
      "integrity": "sha1-2wAjj/hoVRoYLnShA0FtKVqYyMo=",
      "dev": true
    },
    "has-flag": {
      "version": "4.0.0",
      "resolved": "https://registry.npmjs.org/has-flag/-/has-flag-4.0.0.tgz",
      "integrity": "sha512-EykJT/Q1KjTWctppgIAgfSO0tKVuZUjhgMr17kqTumMl6Afv3EISleU7qZUzoXDFTAHTDC4NOoG/ZxU3EvlMPQ==",
      "dev": true
    },
    "is-buffer": {
      "version": "2.0.4",
      "resolved": "https://registry.npmjs.org/is-buffer/-/is-buffer-2.0.4.tgz",
      "integrity": "sha512-Kq1rokWXOPXWuaMAqZiJW4XxsmD9zGx9q4aePabbn3qCRGedtH7Cm+zV8WETitMfu1wdh+Rvd6w5egwSngUX2A==",
      "dev": true
    },
    "isarray": {
      "version": "1.0.0",
      "resolved": "https://registry.npmjs.org/isarray/-/isarray-1.0.0.tgz",
      "integrity": "sha1-u5NdSFgsuhaMBoNJV6VKPgcSTxE=",
      "dev": true
    },
    "isobject": {
      "version": "2.1.0",
      "resolved": "https://registry.npmjs.org/isobject/-/isobject-2.1.0.tgz",
      "integrity": "sha1-8GVWEJaj8dou9GJy+BXIQNh+DIk=",
      "dev": true,
      "requires": {
        "isarray": "1.0.0"
      }
    },
    "line-column": {
      "version": "1.0.2",
      "resolved": "https://registry.npmjs.org/line-column/-/line-column-1.0.2.tgz",
      "integrity": "sha1-0lryk2tvSEkXKzEuR5LR2Ye8NKI=",
      "dev": true,
      "requires": {
        "isarray": "^1.0.0",
        "isobject": "^2.0.0"
      }
    },
    "lines-and-columns": {
      "version": "1.1.6",
      "resolved": "https://registry.npmjs.org/lines-and-columns/-/lines-and-columns-1.1.6.tgz",
      "integrity": "sha1-HADHQ7QzzQpOgHWPe2SldEDZ/wA=",
      "dev": true
    },
    "lodash": {
      "version": "4.17.15",
      "resolved": "https://registry.npmjs.org/lodash/-/lodash-4.17.15.tgz",
      "integrity": "sha512-8xOcRHvCjnocdS5cpwXQXVzmmh5e5+saE2QGoeQmbKmRS6J3VQppPOIt0MnmE+4xlZoumy0GPG0D0MVIQbNA1A==",
      "dev": true
    },
    "platform": {
      "version": "1.3.5",
      "resolved": "https://registry.npmjs.org/platform/-/platform-1.3.5.tgz",
      "integrity": "sha512-TuvHS8AOIZNAlE77WUDiR4rySV/VMptyMfcfeoMgs4P8apaZM3JrnbzBiixKUv+XR6i+BXrQh8WAnjaSPFO65Q==",
      "dev": true
    },
    "random-seed": {
      "version": "0.2.0",
      "resolved": "https://registry.npmjs.org/random-seed/-/random-seed-0.2.0.tgz",
      "integrity": "sha1-TRiJtG3ITvUjFs63dysM4KVE844=",
      "dev": true
    },
    "replace-ext": {
      "version": "1.0.0",
      "resolved": "https://registry.npmjs.org/replace-ext/-/replace-ext-1.0.0.tgz",
      "integrity": "sha1-3mMSg3P8v3w8z6TeWkgMRaZ5WOs=",
      "dev": true
    },
    "simple-text-buffer": {
      "version": "9.2.11",
      "resolved": "https://registry.npmjs.org/simple-text-buffer/-/simple-text-buffer-9.2.11.tgz",
      "integrity": "sha1-ljQmgSSO3bjjtxKMYI4Q21jYdIo=",
      "dev": true,
      "requires": {
        "atom-patch": "0.3.0",
        "diff": "3.0.1",
        "event-kit": "2.2.0",
        "span-skip-list": "0.2.0"
      }
    },
    "span-skip-list": {
      "version": "0.2.0",
      "resolved": "https://registry.npmjs.org/span-skip-list/-/span-skip-list-0.2.0.tgz",
      "integrity": "sha1-j0e1yfHUvqry+7pVsB7ary47VNE=",
      "dev": true
    },
    "string-pos": {
      "version": "1.0.0",
      "resolved": "https://registry.npmjs.org/string-pos/-/string-pos-1.0.0.tgz",
      "integrity": "sha512-lauA/SSfjRal6oz0g+UZw9lSq3r+PrasetBhhC5+GRier4ppsPfHh4vSLye0KN6l6L2nlKKTqveGP1GAlPDauQ==",
      "dev": true
    },
    "supports-color": {
      "version": "7.1.0",
      "resolved": "https://registry.npmjs.org/supports-color/-/supports-color-7.1.0.tgz",
      "integrity": "sha512-oRSIpR8pxT1Wr2FquTNnGet79b3BWljqOuoW/h4oBhxJ/HUbX5nX6JSruTkvXDCFMwDPvsaTTbvMLKZWSy0R5g==",
      "dev": true,
      "requires": {
        "has-flag": "^4.0.0"
      }
    },
    "unist-util-stringify-position": {
      "version": "2.0.3",
      "resolved": "https://registry.npmjs.org/unist-util-stringify-position/-/unist-util-stringify-position-2.0.3.tgz",
      "integrity": "sha512-3faScn5I+hy9VleOq/qNbAd6pAx7iH5jYBMS9I1HgQVijz/4mv5Bvw5iw1sC/90CODiKo81G/ps8AJrISn687g==",
      "dev": true,
      "requires": {
        "@types/unist": "^2.0.2"
      }
    },
    "vfile": {
      "version": "4.1.0",
      "resolved": "https://registry.npmjs.org/vfile/-/vfile-4.1.0.tgz",
      "integrity": "sha512-BaTPalregj++64xbGK6uIlsurN3BCRNM/P2Pg8HezlGzKd1O9PrwIac6bd9Pdx2uTb0QHoioZ+rXKolbVXEgJg==",
      "dev": true,
      "requires": {
        "@types/unist": "^2.0.0",
        "is-buffer": "^2.0.0",
        "replace-ext": "1.0.0",
        "unist-util-stringify-position": "^2.0.0",
        "vfile-message": "^2.0.0"
      }
    },
    "vfile-location": {
      "version": "3.0.1",
      "resolved": "https://registry.npmjs.org/vfile-location/-/vfile-location-3.0.1.tgz",
      "integrity": "sha512-yYBO06eeN/Ki6Kh1QAkgzYpWT1d3Qln+ZCtSbJqFExPl1S3y2qqotJQXoh6qEvl/jDlgpUJolBn3PItVnnZRqQ==",
      "dev": true
    },
    "vfile-message": {
      "version": "2.0.4",
      "resolved": "https://registry.npmjs.org/vfile-message/-/vfile-message-2.0.4.tgz",
      "integrity": "sha512-DjssxRGkMvifUOJre00juHoP9DPWuzjxKuMDrhNbk2TdaYYBNMStsNhEOt3idrtI12VQYM/1+iM0KOzXi4pxwQ==",
      "dev": true,
      "requires": {
        "@types/unist": "^2.0.0",
        "unist-util-stringify-position": "^2.0.0"
      }
    },
    "vscode-textbuffer": {
      "version": "1.0.0",
      "resolved": "https://registry.npmjs.org/vscode-textbuffer/-/vscode-textbuffer-1.0.0.tgz",
      "integrity": "sha512-zPaHo4urgpwsm+PrJWfNakolRpryNja18SUip/qIIsfhuEqEIPEXMxHOlFPjvDC4JgTaimkncNW7UMXRJTY6ow==",
      "dev": true
    }
  }
}
